
Microsoft Visual Studio Solution File, Format Version 12.00
# Visual Studio 14
VisualStudioVersion = 14.0.24720.0
MinimumVisualStudioVersion = 10.0.40219.1
Project("{FAE04EC0-301F-11D3-BF4B-00C04F79EFBC}") = "Sale.Console.Test", "Sale.Console.Test\Sale.Console.Test.csproj", "{4DAF6D4B-EBF7-4FE7-8AB7-B555CB0255B6}"
EndProject
Project("{FAE04EC0-301F-11D3-BF4B-00C04F79EFBC}") = "Sale.DataLayer", "Sale.DataLayer\Sale.DataLayer.csproj", "{DEFC609D-3812-4B5E-8F3F-23D3C0E09287}"
EndProject
Project("{FAE04EC0-301F-11D3-BF4B-00C04F79EFBC}") = "Sale.WinForm", "Sale.WinForm\Sale.WinForm.csproj", "{96BF68B7-6F84-4BAC-AAC3-9AA7FDCF6007}"
EndProject
Global
	GlobalSection(SolutionConfigurationPlatforms) = preSolution
		Debug|Any CPU = Debug|Any CPU
		Release|Any CPU = Release|Any CPU
	EndGlobalSection
	GlobalSection(ProjectConfigurationPlatforms) = postSolution
		{4DAF6D4B-EBF7-4FE7-8AB7-B555CB0255B6}.Debug|Any CPU.ActiveCfg = Debug|Any CPU
		{4DAF6D4B-EBF7-4FE7-8AB7-B555CB0255B6}.Debug|Any CPU.Build.0 = Debug|Any CPU
		{4DAF6D4B-EBF7-4FE7-8AB7-B555CB0255B6}.Release|Any CPU.ActiveCfg = Release|Any CPU
		{4DAF6D4B-EBF7-4FE7-8AB7-B555CB0255B6}.Release|Any CPU.Build.0 = Release|Any CPU
		{DEFC609D-3812-4B5E-8F3F-23D3C0E09287}.Debug|Any CPU.ActiveCfg = Debug|Any CPU
		{DEFC609D-3812-4B5E-8F3F-23D3C0E09287}.Debug|Any CPU.Build.0 = Debug|Any CPU
		{DEFC609D-3812-4B5E-8F3F-23D3C0E09287}.Release|Any CPU.ActiveCfg = Release|Any CPU
		{DEFC609D-3812-4B5E-8F3F-23D3C0E09287}.Release|Any CPU.Build.0 = Release|Any CPU
		{96BF68B7-6F84-4BAC-AAC3-9AA7FDCF6007}.Debug|Any CPU.ActiveCfg = Debug|Any CPU
		{96BF68B7-6F84-4BAC-AAC3-9AA7FDCF6007}.Debug|Any CPU.Build.0 = Debug|Any CPU
		{96BF68B7-6F84-4BAC-AAC3-9AA7FDCF6007}.Release|Any CPU.ActiveCfg = Release|Any CPU
		{96BF68B7-6F84-4BAC-AAC3-9AA7FDCF6007}.Release|Any CPU.Build.0 = Release|Any CPU
	EndGlobalSection
	GlobalSection(SolutionProperties) = preSolution
		HideSolutionNode = FALSE
	EndGlobalSection
EndGlobal
